github.com/go-sql-driver/mysql v1.4.1 h1:g24URVg0OFbNUTx9qqY1IRZ9D9z3iPyi5zKhQZpNwpA=
github.com/go-sql-driver/mysql v1.4.1/go.mod h1:zAC/RDZ24gD3HViQzih4MyKcchzm+sOG5ZlKdlhCg5w=
github.com/golang/protobuf v1.2.0/go.mod h1:6lQm79b+lXiMfvg/cZm0SGofjICqVBUtrP5yJMmIC1U=
github.com/lib/pq v1.0.0 h1:X5PMW56eZitiTeO7tKzZxFCSpbFZJtkMMooicw2us9A=
github.com/lib/pq v1.0.0/go.mod h1:5WUZQaWbwv1U+lTReE5YruASi9Al49XbQIvNi/34Woo=
github.com/orisano/subflag v0.0.0-20180923144031-5e0163f95a80 h1:OvN3YYkavXggtgxe+JSsv+YHi4QWCr3MHIdlNHsiYng=
github.com/orisano/subflag v0.0.0-20180923144031-5e0163f95a80/go.mod h1:ueTBNJyFwEUcwocOvXkgcILDL/1g7SrP46fup9Wp8ZM=
github.com/xo/dburl v0.0.0-20191116074001-eeed741d1a6d h1:dBDSk9wXdEOoragoF+lPjkv+bhHp8dnICo4pRqaWVRM=
github.com/xo/dburl v0.0.0-20191116074001-eeed741d1a6d/go.mod h1:A47W3pdWONaZmXuLZgfKLAVgUY0qvfTRM5vVDKS40S4=
golang.org/x/net v0.0.0-20180724234803-3673e40ba225/go.mod h1:mL1N/T3taQHkDXs73rZJwtUhF3w3ftmwwsq0BUmARs4=
golang.org/x/text v0.3.0/go.mod h1:NqM8EUOU14njkJ3fqMW+pc6Ldnwhi/IjpwHt7yyuwOQ=
google.golang.org/appengine v1.3.0/go.mod h1:xpcJRLb0r/rnEns0DIKYYv+WjYCduHsrkT7/EB5XEv4=
